
Microsoft Visual Studio Solution File, Format Version 12.00
# Visual Studio Version 17
VisualStudioVersion = 17.7.34024.191
MinimumVisualStudioVersion = 10.0.40219.1
Project("{9A19103F-16F7-4668-BE54-9A1E7A4F7556}") = "LottoDemo", "LottoDemo.csproj", "{6312CD72-9BBE-49AE-B7D5-C784BC649860}"
EndProject
Global
	GlobalSection(SolutionConfigurationPlatforms) = preSolution
		Debug|Any CPU = Debug|Any CPU
		Release|Any CPU = Release|Any CPU
	EndGlobalSection
	GlobalSection(ProjectConfigurationPlatforms) = postSolution
		{6312CD72-9BBE-49AE-B7D5-C784BC649860}.Debug|Any CPU.ActiveCfg = Debug|Any CPU
		{6312CD72-9BBE-49AE-B7D5-C784BC649860}.Debug|Any CPU.Build.0 = Debug|Any CPU
		{6312CD72-9BBE-49AE-B7D5-C784BC649860}.Release|Any CPU.ActiveCfg = Release|Any CPU
		{6312CD72-9BBE-49AE-B7D5-C784BC649860}.Release|Any CPU.Build.0 = Release|Any CPU
	EndGlobalSection
	GlobalSection(SolutionProperties) = preSolution
		HideSolutionNode = FALSE
	EndGlobalSection
	GlobalSection(ExtensibilityGlobals) = postSolution
		SolutionGuid = {44E7B5BF-8057-41AA-AC8D-2855DBC00A83}
	EndGlobalSection
EndGlobal
