
Microsoft Visual Studio Solution File, Format Version 12.00
# Visual Studio Version 17
VisualStudioVersion = 17.8.34322.80
MinimumVisualStudioVersion = 10.0.40219.1
Project("{FAE04EC0-301F-11D3-BF4B-00C04F79EFBC}") = "Spg.BurgerLaden.Demo", "Spg.BurgerLaden.Demo\Spg.BurgerLaden.Demo.csproj", "{F54DBC28-51C8-464A-8651-226E373CD927}"
EndProject
Global
	GlobalSection(SolutionConfigurationPlatforms) = preSolution
		Debug|Any CPU = Debug|Any CPU
		Release|Any CPU = Release|Any CPU
	EndGlobalSection
	GlobalSection(ProjectConfigurationPlatforms) = postSolution
		{F54DBC28-51C8-464A-8651-226E373CD927}.Debug|Any CPU.ActiveCfg = Debug|Any CPU
		{F54DBC28-51C8-464A-8651-226E373CD927}.Debug|Any CPU.Build.0 = Debug|Any CPU
		{F54DBC28-51C8-464A-8651-226E373CD927}.Release|Any CPU.ActiveCfg = Release|Any CPU
		{F54DBC28-51C8-464A-8651-226E373CD927}.Release|Any CPU.Build.0 = Release|Any CPU
	EndGlobalSection
	GlobalSection(SolutionProperties) = preSolution
		HideSolutionNode = FALSE
	EndGlobalSection
	GlobalSection(ExtensibilityGlobals) = postSolution
		SolutionGuid = {58DEA69A-9C99-4F10-AF3D-6887C055B785}
	EndGlobalSection
EndGlobal
