
Microsoft Visual Studio Solution File, Format Version 12.00
# Visual Studio Version 17
VisualStudioVersion = 17.7.34024.191
MinimumVisualStudioVersion = 10.0.40219.1
Project("{2150E333-8FDC-42A3-9474-1A3956D46DE8}") = "src", "src", "{5970EF08-7C9D-40E5-97EA-3B7F570AFA04}"
EndProject
Project("{2150E333-8FDC-42A3-9474-1A3956D46DE8}") = "test", "test", "{12F7517E-DBE7-4EF9-A80B-49D03D701D8B}"
EndProject
Project("{FAE04EC0-301F-11D3-BF4B-00C04F79EFBC}") = "Spg.Sayonara.Mvc", "src\Spg.Sayonara.Mvc\Spg.Sayonara.Mvc.csproj", "{4C3391F4-658D-4A53-862E-40421C5C2AE2}"
EndProject
Project("{FAE04EC0-301F-11D3-BF4B-00C04F79EFBC}") = "Spg.Sayonara.DomainModel.Test", "test\Spg.Sayonara.DomainModel.Test\Spg.Sayonara.DomainModel.Test.csproj", "{18B3C1C1-9B31-42C9-A39A-CB9B8C51E5D5}"
EndProject
Global
	GlobalSection(SolutionConfigurationPlatforms) = preSolution
		Debug|Any CPU = Debug|Any CPU
		Release|Any CPU = Release|Any CPU
	EndGlobalSection
	GlobalSection(ProjectConfigurationPlatforms) = postSolution
		{4C3391F4-658D-4A53-862E-40421C5C2AE2}.Debug|Any CPU.ActiveCfg = Debug|Any CPU
		{4C3391F4-658D-4A53-862E-40421C5C2AE2}.Debug|Any CPU.Build.0 = Debug|Any CPU
		{4C3391F4-658D-4A53-862E-40421C5C2AE2}.Release|Any CPU.ActiveCfg = Release|Any CPU
		{4C3391F4-658D-4A53-862E-40421C5C2AE2}.Release|Any CPU.Build.0 = Release|Any CPU
		{18B3C1C1-9B31-42C9-A39A-CB9B8C51E5D5}.Debug|Any CPU.ActiveCfg = Debug|Any CPU
		{18B3C1C1-9B31-42C9-A39A-CB9B8C51E5D5}.Debug|Any CPU.Build.0 = Debug|Any CPU
		{18B3C1C1-9B31-42C9-A39A-CB9B8C51E5D5}.Release|Any CPU.ActiveCfg = Release|Any CPU
		{18B3C1C1-9B31-42C9-A39A-CB9B8C51E5D5}.Release|Any CPU.Build.0 = Release|Any CPU
	EndGlobalSection
	GlobalSection(SolutionProperties) = preSolution
		HideSolutionNode = FALSE
	EndGlobalSection
	GlobalSection(NestedProjects) = preSolution
		{4C3391F4-658D-4A53-862E-40421C5C2AE2} = {5970EF08-7C9D-40E5-97EA-3B7F570AFA04}
		{18B3C1C1-9B31-42C9-A39A-CB9B8C51E5D5} = {12F7517E-DBE7-4EF9-A80B-49D03D701D8B}
	EndGlobalSection
	GlobalSection(ExtensibilityGlobals) = postSolution
		SolutionGuid = {E81B3D4C-C2CD-4DAE-8821-1CE4E423D0D3}
	EndGlobalSection
EndGlobal
