
Microsoft Visual Studio Solution File, Format Version 12.00
# Visual Studio Version 17
VisualStudioVersion = 17.7.34024.191
MinimumVisualStudioVersion = 10.0.40219.1
Project("{9A19103F-16F7-4668-BE54-9A1E7A4F7556}") = "Spg.ValueTypes.Demo", "Spg.ValueTypes.Demo\Spg.ValueTypes.Demo.csproj", "{7615C4F3-5649-49F5-ABA4-1BFCC125A64C}"
EndProject
Global
	GlobalSection(SolutionConfigurationPlatforms) = preSolution
		Debug|Any CPU = Debug|Any CPU
		Release|Any CPU = Release|Any CPU
	EndGlobalSection
	GlobalSection(ProjectConfigurationPlatforms) = postSolution
		{7615C4F3-5649-49F5-ABA4-1BFCC125A64C}.Debug|Any CPU.ActiveCfg = Debug|Any CPU
		{7615C4F3-5649-49F5-ABA4-1BFCC125A64C}.Debug|Any CPU.Build.0 = Debug|Any CPU
		{7615C4F3-5649-49F5-ABA4-1BFCC125A64C}.Release|Any CPU.ActiveCfg = Release|Any CPU
		{7615C4F3-5649-49F5-ABA4-1BFCC125A64C}.Release|Any CPU.Build.0 = Release|Any CPU
	EndGlobalSection
	GlobalSection(SolutionProperties) = preSolution
		HideSolutionNode = FALSE
	EndGlobalSection
	GlobalSection(ExtensibilityGlobals) = postSolution
		SolutionGuid = {A9AC1866-39BF-47FB-A8D7-2045FB2CD8DA}
	EndGlobalSection
EndGlobal
